
Microsoft Visual Studio Solution File, Format Version 11.00
# Visual Studio 2010
# SharpDevelop 4.4
Project("{FD48973F-F585-4F70-812B-4D0503B36CE9}") = "Excel Crawler", "Excel Crawler\Excel Crawler.pyproj", "{A84312C7-ED79-4B8A-8FE1-B412406C5A8E}"
EndProject
Global
	GlobalSection(SolutionConfigurationPlatforms) = preSolution
		Debug|Any CPU = Debug|Any CPU
		Release|Any CPU = Release|Any CPU
	EndGlobalSection
	GlobalSection(ProjectConfigurationPlatforms) = postSolution
		{A84312C7-ED79-4B8A-8FE1-B412406C5A8E}.Debug|Any CPU.Build.0 = Debug|Any CPU
		{A84312C7-ED79-4B8A-8FE1-B412406C5A8E}.Debug|Any CPU.ActiveCfg = Debug|Any CPU
		{A84312C7-ED79-4B8A-8FE1-B412406C5A8E}.Release|Any CPU.Build.0 = Release|Any CPU
		{A84312C7-ED79-4B8A-8FE1-B412406C5A8E}.Release|Any CPU.ActiveCfg = Release|Any CPU
	EndGlobalSection
EndGlobal
